
Microsoft Visual Studio Solution File, Format Version 12.00
# Visual Studio Version 16
VisualStudioVersion = 16.0.28407.52
MinimumVisualStudioVersion = 10.0.40219.1
Project("{FAE04EC0-301F-11D3-BF4B-00C04F79EFBC}") = "BankGovUaFileDownloader", "FileDownloader\BankGovUaFileDownloader.csproj", "{B5E5AF0A-2432-4F19-B939-14D443F4F47A}"
EndProject
Project("{FAE04EC0-301F-11D3-BF4B-00C04F79EFBC}") = "BankGovUaFileDownloader.Tests", "FileDownloader.Tests\BankGovUaFileDownloader.Tests.csproj", "{9A72B028-F42C-4F77-9681-331B0576858E}"
EndProject
Global
	GlobalSection(SolutionConfigurationPlatforms) = preSolution
		Debug|Any CPU = Debug|Any CPU
		Release|Any CPU = Release|Any CPU
	EndGlobalSection
	GlobalSection(ProjectConfigurationPlatforms) = postSolution
		{B5E5AF0A-2432-4F19-B939-14D443F4F47A}.Debug|Any CPU.ActiveCfg = Debug|Any CPU
		{B5E5AF0A-2432-4F19-B939-14D443F4F47A}.Debug|Any CPU.Build.0 = Debug|Any CPU
		{B5E5AF0A-2432-4F19-B939-14D443F4F47A}.Release|Any CPU.ActiveCfg = Release|Any CPU
		{B5E5AF0A-2432-4F19-B939-14D443F4F47A}.Release|Any CPU.Build.0 = Release|Any CPU
		{9A72B028-F42C-4F77-9681-331B0576858E}.Debug|Any CPU.ActiveCfg = Debug|Any CPU
		{9A72B028-F42C-4F77-9681-331B0576858E}.Debug|Any CPU.Build.0 = Debug|Any CPU
		{9A72B028-F42C-4F77-9681-331B0576858E}.Release|Any CPU.ActiveCfg = Release|Any CPU
		{9A72B028-F42C-4F77-9681-331B0576858E}.Release|Any CPU.Build.0 = Release|Any CPU
	EndGlobalSection
	GlobalSection(SolutionProperties) = preSolution
		HideSolutionNode = FALSE
	EndGlobalSection
	GlobalSection(ExtensibilityGlobals) = postSolution
		SolutionGuid = {CA5AB08E-B041-4A14-83C8-87BC355AC773}
	EndGlobalSection
EndGlobal
